
Microsoft Visual Studio Solution File, Format Version 12.00
# Visual Studio Version 16
VisualStudioVersion = 16.0.32002.261
MinimumVisualStudioVersion = 10.0.40219.1
Project("{FAE04EC0-301F-11D3-BF4B-00C04F79EFBC}") = "Loopfor", "ConsoleApp1\Loopfor.csproj", "{C121581E-A607-4672-AF75-146538AF7D5F}"
EndProject
Project("{FAE04EC0-301F-11D3-BF4B-00C04F79EFBC}") = "LoopWhile", "LoopWhile\LoopWhile.csproj", "{77BBABA9-A170-42FB-80F6-417808F31281}"
EndProject
Project("{FAE04EC0-301F-11D3-BF4B-00C04F79EFBC}") = "LoopDo", "LoopDo\LoopDo.csproj", "{5165ED7C-EE61-4568-9100-C62DF33F4713}"
EndProject
Global
	GlobalSection(SolutionConfigurationPlatforms) = preSolution
		Debug|Any CPU = Debug|Any CPU
		Release|Any CPU = Release|Any CPU
	EndGlobalSection
	GlobalSection(ProjectConfigurationPlatforms) = postSolution
		{C121581E-A607-4672-AF75-146538AF7D5F}.Debug|Any CPU.ActiveCfg = Debug|Any CPU
		{C121581E-A607-4672-AF75-146538AF7D5F}.Debug|Any CPU.Build.0 = Debug|Any CPU
		{C121581E-A607-4672-AF75-146538AF7D5F}.Release|Any CPU.ActiveCfg = Release|Any CPU
		{C121581E-A607-4672-AF75-146538AF7D5F}.Release|Any CPU.Build.0 = Release|Any CPU
		{77BBABA9-A170-42FB-80F6-417808F31281}.Debug|Any CPU.ActiveCfg = Debug|Any CPU
		{77BBABA9-A170-42FB-80F6-417808F31281}.Debug|Any CPU.Build.0 = Debug|Any CPU
		{77BBABA9-A170-42FB-80F6-417808F31281}.Release|Any CPU.ActiveCfg = Release|Any CPU
		{77BBABA9-A170-42FB-80F6-417808F31281}.Release|Any CPU.Build.0 = Release|Any CPU
		{5165ED7C-EE61-4568-9100-C62DF33F4713}.Debug|Any CPU.ActiveCfg = Debug|Any CPU
		{5165ED7C-EE61-4568-9100-C62DF33F4713}.Debug|Any CPU.Build.0 = Debug|Any CPU
		{5165ED7C-EE61-4568-9100-C62DF33F4713}.Release|Any CPU.ActiveCfg = Release|Any CPU
		{5165ED7C-EE61-4568-9100-C62DF33F4713}.Release|Any CPU.Build.0 = Release|Any CPU
	EndGlobalSection
	GlobalSection(SolutionProperties) = preSolution
		HideSolutionNode = FALSE
	EndGlobalSection
	GlobalSection(ExtensibilityGlobals) = postSolution
		SolutionGuid = {0BA7B743-8280-402C-8FB8-7F7E54E539FE}
	EndGlobalSection
EndGlobal
